# @generated - this file is auto-generated by `mise lock` https://mise.jdx.dev/dev-tools/mise-lock.html

[[tools.chezmoi]]
version = "2.70.0"
backend = "aqua:twpayne/chezmoi"

[tools.chezmoi."platforms.linux-arm64"]
checksum = "sha256:c65fb55bee4fb2bc14362998e2ce0cf1b1688bce0abfd7dd48cbac6448d6fc75"
url = "https://github.com/twpayne/chezmoi/releases/download/v2.70.0/chezmoi_2.70.0_linux_arm64.tar.gz"

[tools.chezmoi."platforms.linux-arm64-musl"]
checksum = "sha256:c65fb55bee4fb2bc14362998e2ce0cf1b1688bce0abfd7dd48cbac6448d6fc75"
url = "https://github.com/twpayne/chezmoi/releases/download/v2.70.0/chezmoi_2.70.0_linux_arm64.tar.gz"

[tools.chezmoi."platforms.linux-x64"]
checksum = "sha256:32dbc87a4db7163d0f8c3156b631e3ee1cc6fed400f43ff467eca4211f2905e7"
url = "https://github.com/twpayne/chezmoi/releases/download/v2.70.0/chezmoi_2.70.0_linux_amd64.tar.gz"

[tools.chezmoi."platforms.linux-x64-musl"]
checksum = "sha256:32dbc87a4db7163d0f8c3156b631e3ee1cc6fed400f43ff467eca4211f2905e7"
url = "https://github.com/twpayne/chezmoi/releases/download/v2.70.0/chezmoi_2.70.0_linux_amd64.tar.gz"

[tools.chezmoi."platforms.macos-arm64"]
checksum = "sha256:87142ac0465e9b1cd04a71c06c5164867fded7778c3c098f8efbea3ee9df1ade"
url = "https://github.com/twpayne/chezmoi/releases/download/v2.70.0/chezmoi_2.70.0_darwin_arm64.tar.gz"

[tools.chezmoi."platforms.macos-x64"]
checksum = "sha256:8d8abb5da0805ce6fa4d387cf3d9615281ad5b26007bf4d469af603ab3c237af"
url = "https://github.com/twpayne/chezmoi/releases/download/v2.70.0/chezmoi_2.70.0_darwin_amd64.tar.gz"

[tools.chezmoi."platforms.windows-x64"]
checksum = "sha256:bd75e4892ed22d5ab767c06242fc72c23c5848ad5b1aea27fd95aec03c10c777"
url = "https://github.com/twpayne/chezmoi/releases/download/v2.70.0/chezmoi_2.70.0_windows_amd64.zip"

[[tools.gitleaks]]
version = "8.30.1"
backend = "aqua:gitleaks/gitleaks"

[tools.gitleaks."platforms.linux-arm64"]
checksum = "sha256:e4a487ee7ccd7d3a7f7ec08657610aa3606637dab924210b3aee62570fb4b080"
url = "https://github.com/gitleaks/gitleaks/releases/download/v8.30.1/gitleaks_8.30.1_linux_arm64.tar.gz"

[tools.gitleaks."platforms.linux-arm64-musl"]
checksum = "sha256:e4a487ee7ccd7d3a7f7ec08657610aa3606637dab924210b3aee62570fb4b080"
url = "https://github.com/gitleaks/gitleaks/releases/download/v8.30.1/gitleaks_8.30.1_linux_arm64.tar.gz"

[tools.gitleaks."platforms.linux-x64"]
checksum = "sha256:551f6fc83ea457d62a0d98237cbad105af8d557003051f41f3e7ca7b3f2470eb"
url = "https://github.com/gitleaks/gitleaks/releases/download/v8.30.1/gitleaks_8.30.1_linux_x64.tar.gz"

[tools.gitleaks."platforms.linux-x64-musl"]
checksum = "sha256:551f6fc83ea457d62a0d98237cbad105af8d557003051f41f3e7ca7b3f2470eb"
url = "https://github.com/gitleaks/gitleaks/releases/download/v8.30.1/gitleaks_8.30.1_linux_x64.tar.gz"

[tools.gitleaks."platforms.macos-arm64"]
checksum = "sha256:b40ab0ae55c505963e365f271a8d3846efbc170aa17f2607f13df610a9aeb6a5"
url = "https://github.com/gitleaks/gitleaks/releases/download/v8.30.1/gitleaks_8.30.1_darwin_arm64.tar.gz"

[tools.gitleaks."platforms.macos-x64"]
checksum = "sha256:dfe101a4db2255fc85120ac7f3d25e4342c3c20cf749f2c20a18081af1952709"
url = "https://github.com/gitleaks/gitleaks/releases/download/v8.30.1/gitleaks_8.30.1_darwin_x64.tar.gz"

[tools.gitleaks."platforms.windows-x64"]
checksum = "sha256:d29144deff3a68aa93ced33dddf84b7fdc26070add4aa0f4513094c8332afc4e"
url = "https://github.com/gitleaks/gitleaks/releases/download/v8.30.1/gitleaks_8.30.1_windows_x64.zip"
