# @generated - this file is auto-generated by `mise lock` https://mise.jdx.dev/dev-tools/mise-lock.html

[[tools.atuin]]
version = "18.13.6"
backend = "aqua:atuinsh/atuin"

[tools.atuin."platforms.linux-arm64"]
checksum = "sha256:77196100a8564a88867701307940b6159e3d2db32a8d7acbfb4db1caeee21201"
url = "https://github.com/atuinsh/atuin/releases/download/v18.13.6/atuin-aarch64-unknown-linux-musl.tar.gz"

[tools.atuin."platforms.linux-arm64-musl"]
checksum = "sha256:77196100a8564a88867701307940b6159e3d2db32a8d7acbfb4db1caeee21201"
url = "https://github.com/atuinsh/atuin/releases/download/v18.13.6/atuin-aarch64-unknown-linux-musl.tar.gz"

[tools.atuin."platforms.linux-x64"]
checksum = "sha256:19712eadad816d328086553133f0933a9a4429d52dcf660e8feb8af9f7552f3e"
url = "https://github.com/atuinsh/atuin/releases/download/v18.13.6/atuin-x86_64-unknown-linux-musl.tar.gz"

[tools.atuin."platforms.linux-x64-musl"]
checksum = "sha256:19712eadad816d328086553133f0933a9a4429d52dcf660e8feb8af9f7552f3e"
url = "https://github.com/atuinsh/atuin/releases/download/v18.13.6/atuin-x86_64-unknown-linux-musl.tar.gz"

[tools.atuin."platforms.macos-arm64"]
checksum = "sha256:5c321fe8544310cf4def1a423398795f8728180f8e18524bd66b6d72f3dfe86b"
url = "https://github.com/atuinsh/atuin/releases/download/v18.13.6/atuin-aarch64-apple-darwin.tar.gz"

[tools.atuin."platforms.windows-x64"]
checksum = "sha256:c0fde67c1e83ca8e65fd62ba8b30518830a3eb0d3949739e5bc7282b56f97470"
url = "https://github.com/atuinsh/atuin/releases/download/v18.13.6/atuin-x86_64-pc-windows-msvc.zip"

[[tools.bat]]
version = "0.26.1"
backend = "aqua:sharkdp/bat"

[tools.bat."platforms.linux-arm64"]
checksum = "sha256:6369242c584065f195fb20cb36fbd7cb63ae690605bbe89868a7596b596c2c23"
url = "https://github.com/sharkdp/bat/releases/download/v0.26.1/bat-v0.26.1-aarch64-unknown-linux-musl.tar.gz"

[tools.bat."platforms.linux-arm64-musl"]
checksum = "sha256:6369242c584065f195fb20cb36fbd7cb63ae690605bbe89868a7596b596c2c23"
url = "https://github.com/sharkdp/bat/releases/download/v0.26.1/bat-v0.26.1-aarch64-unknown-linux-musl.tar.gz"

[tools.bat."platforms.linux-x64"]
checksum = "sha256:0dcd8ac79732c0d5b136f11f4ee00e581440e16a44eab5b3105b611bbf2cf191"
url = "https://github.com/sharkdp/bat/releases/download/v0.26.1/bat-v0.26.1-x86_64-unknown-linux-musl.tar.gz"

[tools.bat."platforms.linux-x64-musl"]
checksum = "sha256:0dcd8ac79732c0d5b136f11f4ee00e581440e16a44eab5b3105b611bbf2cf191"
url = "https://github.com/sharkdp/bat/releases/download/v0.26.1/bat-v0.26.1-x86_64-unknown-linux-musl.tar.gz"

[tools.bat."platforms.macos-arm64"]
checksum = "sha256:e30beff26779c9bf60bb541e1d79046250cb74378f2757f8eb250afddb19e114"
url = "https://github.com/sharkdp/bat/releases/download/v0.26.1/bat-v0.26.1-aarch64-apple-darwin.tar.gz"

[tools.bat."platforms.macos-x64"]
checksum = "sha256:830d63b0bba1fa040542ec569e3cf77f60d3356b9de75116a344b061e0894245"
url = "https://github.com/sharkdp/bat/releases/download/v0.26.1/bat-v0.26.1-x86_64-apple-darwin.tar.gz"

[tools.bat."platforms.windows-x64"]
checksum = "sha256:0f729b4b6f5f28d395c641eacc2e9ff68d0096b85aa0eec344aa62425144b69b"
url = "https://github.com/sharkdp/bat/releases/download/v0.26.1/bat-v0.26.1-x86_64-pc-windows-msvc.zip"

[[tools.chezmoi]]
version = "2.70.0"
backend = "aqua:twpayne/chezmoi"

[tools.chezmoi."platforms.linux-arm64"]
checksum = "sha256:c65fb55bee4fb2bc14362998e2ce0cf1b1688bce0abfd7dd48cbac6448d6fc75"
url = "https://github.com/twpayne/chezmoi/releases/download/v2.70.0/chezmoi_2.70.0_linux_arm64.tar.gz"

[tools.chezmoi."platforms.linux-arm64-musl"]
checksum = "sha256:c65fb55bee4fb2bc14362998e2ce0cf1b1688bce0abfd7dd48cbac6448d6fc75"
url = "https://github.com/twpayne/chezmoi/releases/download/v2.70.0/chezmoi_2.70.0_linux_arm64.tar.gz"

[tools.chezmoi."platforms.linux-x64"]
checksum = "sha256:32dbc87a4db7163d0f8c3156b631e3ee1cc6fed400f43ff467eca4211f2905e7"
url = "https://github.com/twpayne/chezmoi/releases/download/v2.70.0/chezmoi_2.70.0_linux_amd64.tar.gz"

[tools.chezmoi."platforms.linux-x64-musl"]
checksum = "sha256:32dbc87a4db7163d0f8c3156b631e3ee1cc6fed400f43ff467eca4211f2905e7"
url = "https://github.com/twpayne/chezmoi/releases/download/v2.70.0/chezmoi_2.70.0_linux_amd64.tar.gz"

[tools.chezmoi."platforms.macos-arm64"]
checksum = "sha256:87142ac0465e9b1cd04a71c06c5164867fded7778c3c098f8efbea3ee9df1ade"
url = "https://github.com/twpayne/chezmoi/releases/download/v2.70.0/chezmoi_2.70.0_darwin_arm64.tar.gz"

[tools.chezmoi."platforms.macos-x64"]
checksum = "sha256:8d8abb5da0805ce6fa4d387cf3d9615281ad5b26007bf4d469af603ab3c237af"
url = "https://github.com/twpayne/chezmoi/releases/download/v2.70.0/chezmoi_2.70.0_darwin_amd64.tar.gz"

[tools.chezmoi."platforms.windows-x64"]
checksum = "sha256:bd75e4892ed22d5ab767c06242fc72c23c5848ad5b1aea27fd95aec03c10c777"
url = "https://github.com/twpayne/chezmoi/releases/download/v2.70.0/chezmoi_2.70.0_windows_amd64.zip"

[[tools.cosign]]
version = "3.0.5"
backend = "aqua:sigstore/cosign"

[tools.cosign."platforms.linux-arm64"]
checksum = "sha256:d098f3168ae4b3aa70b4ca78947329b953272b487727d1722cb3cb098a1a20ab"
url = "https://github.com/sigstore/cosign/releases/download/v3.0.5/cosign-linux-arm64"
provenance = "cosign"

[tools.cosign."platforms.linux-arm64-musl"]
checksum = "sha256:d098f3168ae4b3aa70b4ca78947329b953272b487727d1722cb3cb098a1a20ab"
url = "https://github.com/sigstore/cosign/releases/download/v3.0.5/cosign-linux-arm64"
provenance = "cosign"

[tools.cosign."platforms.linux-x64"]
checksum = "sha256:db15cc99e6e4837daabab023742aaddc3841ce57f193d11b7c3e06c8003642b2"
url = "https://github.com/sigstore/cosign/releases/download/v3.0.5/cosign-linux-amd64"
provenance = "cosign"

[tools.cosign."platforms.linux-x64-musl"]
checksum = "sha256:db15cc99e6e4837daabab023742aaddc3841ce57f193d11b7c3e06c8003642b2"
url = "https://github.com/sigstore/cosign/releases/download/v3.0.5/cosign-linux-amd64"
provenance = "cosign"

[tools.cosign."platforms.macos-arm64"]
checksum = "sha256:4888c898e2901521a6bd4cf4f0383c9465588a6a46ecd2465ad34faf13f09eb7"
url = "https://github.com/sigstore/cosign/releases/download/v3.0.5/cosign-darwin-arm64"
provenance = "cosign"

[tools.cosign."platforms.macos-x64"]
checksum = "sha256:e032c44d3f7c247bbb2966b41239f88ffba002497a4516358d327ad5693c386f"
url = "https://github.com/sigstore/cosign/releases/download/v3.0.5/cosign-darwin-amd64"
provenance = "cosign"

[tools.cosign."platforms.windows-x64"]
checksum = "sha256:44e9e44202b67ddfaaf5ea1234f5a265417960c4ae98c5b57c35bc40ba9dd714"
url = "https://github.com/sigstore/cosign/releases/download/v3.0.5/cosign-windows-amd64.exe"
provenance = "cosign"

[[tools.eza]]
version = "0.23.4"
backend = "asdf:eza"

[[tools.fd]]
version = "10.4.2"
backend = "aqua:sharkdp/fd"

[tools.fd."platforms.linux-arm64"]
checksum = "sha256:f32d3657473fba74e2600babc8db0b93420d51169223b7e8143b2ed55d8fd9e8"
url = "https://github.com/sharkdp/fd/releases/download/v10.4.2/fd-v10.4.2-aarch64-unknown-linux-musl.tar.gz"

[tools.fd."platforms.linux-arm64-musl"]
checksum = "sha256:f32d3657473fba74e2600babc8db0b93420d51169223b7e8143b2ed55d8fd9e8"
url = "https://github.com/sharkdp/fd/releases/download/v10.4.2/fd-v10.4.2-aarch64-unknown-linux-musl.tar.gz"

[tools.fd."platforms.linux-x64"]
checksum = "sha256:e3257d48e29a6be965187dbd24ce9af564e0fe67b3e73c9bdcd180f4ec11bdde"
url = "https://github.com/sharkdp/fd/releases/download/v10.4.2/fd-v10.4.2-x86_64-unknown-linux-musl.tar.gz"

[tools.fd."platforms.linux-x64-musl"]
checksum = "sha256:e3257d48e29a6be965187dbd24ce9af564e0fe67b3e73c9bdcd180f4ec11bdde"
url = "https://github.com/sharkdp/fd/releases/download/v10.4.2/fd-v10.4.2-x86_64-unknown-linux-musl.tar.gz"

[tools.fd."platforms.macos-arm64"]
checksum = "sha256:623dc0afc81b92e4d4606b380d7bc91916ba7b97814263e554d50923a39e480a"
url = "https://github.com/sharkdp/fd/releases/download/v10.4.2/fd-v10.4.2-aarch64-apple-darwin.tar.gz"

[tools.fd."platforms.windows-x64"]
checksum = "sha256:b2816e506390a89941c63c9187d58a3cc10e9a55f2ef0685f9ea0eccaf7c98c8"
url = "https://github.com/sharkdp/fd/releases/download/v10.4.2/fd-v10.4.2-x86_64-pc-windows-msvc.zip"

[[tools.fnox]]
version = "1.19.0"
backend = "github:jdx/fnox"

[tools.fnox."platforms.linux-arm64"]
checksum = "sha256:fbda5ed1196e23200eb4a70e4d6f5ceb6a49e23041c429c33e02d9ca8e0aafe5"
url = "https://github.com/jdx/fnox/releases/download/v1.19.0/fnox-aarch64-unknown-linux-gnu.tar.gz"
url_api = "https://api.github.com/repos/jdx/fnox/releases/assets/379322617"

[tools.fnox."platforms.linux-arm64-musl"]
checksum = "sha256:fbda5ed1196e23200eb4a70e4d6f5ceb6a49e23041c429c33e02d9ca8e0aafe5"
url = "https://github.com/jdx/fnox/releases/download/v1.19.0/fnox-aarch64-unknown-linux-gnu.tar.gz"
url_api = "https://api.github.com/repos/jdx/fnox/releases/assets/379322617"

[tools.fnox."platforms.linux-x64"]
checksum = "sha256:e65c34ddb8551267d5a3dd452c2f55467d549a7a5c00267c428c3733dc92ea8c"
url = "https://github.com/jdx/fnox/releases/download/v1.19.0/fnox-x86_64-unknown-linux-gnu.tar.gz"
url_api = "https://api.github.com/repos/jdx/fnox/releases/assets/379322635"

[tools.fnox."platforms.linux-x64-musl"]
checksum = "sha256:e65c34ddb8551267d5a3dd452c2f55467d549a7a5c00267c428c3733dc92ea8c"
url = "https://github.com/jdx/fnox/releases/download/v1.19.0/fnox-x86_64-unknown-linux-gnu.tar.gz"
url_api = "https://api.github.com/repos/jdx/fnox/releases/assets/379322635"

[tools.fnox."platforms.macos-arm64"]
checksum = "sha256:e194cb49121ceadecde80dcefa42949546bfa29b78fbd93948fcf811ae15dc09"
url = "https://github.com/jdx/fnox/releases/download/v1.19.0/fnox-aarch64-apple-darwin.tar.gz"
url_api = "https://api.github.com/repos/jdx/fnox/releases/assets/379322619"

[tools.fnox."platforms.macos-x64"]
checksum = "sha256:102790d731d2e0e0f4d9c2e3a5d4751b4b9362307b6ee73692898df840eaf368"
url = "https://github.com/jdx/fnox/releases/download/v1.19.0/fnox-x86_64-apple-darwin.tar.gz"
url_api = "https://api.github.com/repos/jdx/fnox/releases/assets/379322618"

[tools.fnox."platforms.windows-x64"]
checksum = "sha256:57950f6a90c2422e4816cc453ff218c6647f038e97ffc3b880614c1e96332e8b"
url = "https://github.com/jdx/fnox/releases/download/v1.19.0/fnox-x86_64-pc-windows-msvc.zip"
url_api = "https://api.github.com/repos/jdx/fnox/releases/assets/379322616"

[[tools.fnox]]
version = "1.20.0"
backend = "github:jdx/fnox"

[tools.fnox."platforms.linux-arm64"]
checksum = "sha256:44b731e79c349c2b6ff0d76c9791b81cef5d0ab3a7cddb1512903654075a4047"
url = "https://github.com/jdx/fnox/releases/download/v1.20.0/fnox-aarch64-unknown-linux-gnu.tar.gz"
url_api = "https://api.github.com/repos/jdx/fnox/releases/assets/388763119"

[tools.fnox."platforms.linux-arm64-musl"]
checksum = "sha256:44b731e79c349c2b6ff0d76c9791b81cef5d0ab3a7cddb1512903654075a4047"
url = "https://github.com/jdx/fnox/releases/download/v1.20.0/fnox-aarch64-unknown-linux-gnu.tar.gz"
url_api = "https://api.github.com/repos/jdx/fnox/releases/assets/388763119"

[tools.fnox."platforms.linux-x64"]
checksum = "sha256:e5107da4ded29f88be6e52430849a361384e89499f678bac64ba40dc60bbc985"
url = "https://github.com/jdx/fnox/releases/download/v1.20.0/fnox-x86_64-unknown-linux-gnu.tar.gz"
url_api = "https://api.github.com/repos/jdx/fnox/releases/assets/388763132"

[tools.fnox."platforms.linux-x64-musl"]
checksum = "sha256:e5107da4ded29f88be6e52430849a361384e89499f678bac64ba40dc60bbc985"
url = "https://github.com/jdx/fnox/releases/download/v1.20.0/fnox-x86_64-unknown-linux-gnu.tar.gz"
url_api = "https://api.github.com/repos/jdx/fnox/releases/assets/388763132"

[tools.fnox."platforms.macos-arm64"]
checksum = "sha256:84895475983887137ad3cfd7c2018dad30a2024178497ed8aab2ac7ceae662ff"
url = "https://github.com/jdx/fnox/releases/download/v1.20.0/fnox-aarch64-apple-darwin.tar.gz"
url_api = "https://api.github.com/repos/jdx/fnox/releases/assets/388763122"

[tools.fnox."platforms.macos-x64"]
checksum = "sha256:7096fbe5d9dc95cf8819d8b269f454e68a6b2d8ff875d14cfb2cc363be90591e"
url = "https://github.com/jdx/fnox/releases/download/v1.20.0/fnox-x86_64-apple-darwin.tar.gz"
url_api = "https://api.github.com/repos/jdx/fnox/releases/assets/388763120"

[tools.fnox."platforms.windows-x64"]
checksum = "sha256:6037b03651c67af5b00992cc73d0a4283b746effe7b5079ee3f1327cd72bc97c"
url = "https://github.com/jdx/fnox/releases/download/v1.20.0/fnox-x86_64-pc-windows-msvc.zip"
url_api = "https://api.github.com/repos/jdx/fnox/releases/assets/388763121"

[[tools.fzf]]
version = "0.70.0"
backend = "aqua:junegunn/fzf"

[tools.fzf."platforms.linux-arm64"]
checksum = "sha256:90a07a13b61f56dd59ccfd0f0bf05070e9cec067713d313fa2607aab2dc0e422"
url = "https://github.com/junegunn/fzf/releases/download/v0.70.0/fzf-0.70.0-linux_arm64.tar.gz"

[tools.fzf."platforms.linux-arm64-musl"]
checksum = "sha256:90a07a13b61f56dd59ccfd0f0bf05070e9cec067713d313fa2607aab2dc0e422"
url = "https://github.com/junegunn/fzf/releases/download/v0.70.0/fzf-0.70.0-linux_arm64.tar.gz"

[tools.fzf."platforms.linux-x64"]
checksum = "sha256:8fd0e0b93bdf64ba90081ffb6658d77ea5a024c122b36852b1de30f9d2733754"
url = "https://github.com/junegunn/fzf/releases/download/v0.70.0/fzf-0.70.0-linux_amd64.tar.gz"

[tools.fzf."platforms.linux-x64-musl"]
checksum = "sha256:8fd0e0b93bdf64ba90081ffb6658d77ea5a024c122b36852b1de30f9d2733754"
url = "https://github.com/junegunn/fzf/releases/download/v0.70.0/fzf-0.70.0-linux_amd64.tar.gz"

[tools.fzf."platforms.macos-arm64"]
checksum = "sha256:75f4905c2e3d00666d81dffdd001bb2a9a8e0ad4e4ac8cecfc17a7401b99e6e4"
url = "https://github.com/junegunn/fzf/releases/download/v0.70.0/fzf-0.70.0-darwin_arm64.tar.gz"

[tools.fzf."platforms.macos-x64"]
checksum = "sha256:46af74cfeb171c5e2eb936096a653061a0de0f5aeb70319bf9935d8d193e078f"
url = "https://github.com/junegunn/fzf/releases/download/v0.70.0/fzf-0.70.0-darwin_amd64.tar.gz"

[tools.fzf."platforms.windows-x64"]
checksum = "sha256:7465a6738e2c844742df973459c7509aed2d10d7a72bfd6de201b867b4eda4cd"
url = "https://github.com/junegunn/fzf/releases/download/v0.70.0/fzf-0.70.0-windows_amd64.zip"

[[tools.fzf]]
version = "0.71.0"
backend = "aqua:junegunn/fzf"

[tools.fzf."platforms.linux-arm64"]
checksum = "sha256:98b7d322efae9c37e4bfbbab1cbcd8722eb742d9399511f96375feb40cc35d1d"
url = "https://github.com/junegunn/fzf/releases/download/v0.71.0/fzf-0.71.0-linux_arm64.tar.gz"

[tools.fzf."platforms.linux-arm64-musl"]
checksum = "sha256:98b7d322efae9c37e4bfbbab1cbcd8722eb742d9399511f96375feb40cc35d1d"
url = "https://github.com/junegunn/fzf/releases/download/v0.71.0/fzf-0.71.0-linux_arm64.tar.gz"

[tools.fzf."platforms.linux-x64"]
checksum = "sha256:22639bb38489dbca8acef57850cbb50231ab714d0e8e855ac52fae8b41233df4"
url = "https://github.com/junegunn/fzf/releases/download/v0.71.0/fzf-0.71.0-linux_amd64.tar.gz"

[tools.fzf."platforms.linux-x64-musl"]
checksum = "sha256:22639bb38489dbca8acef57850cbb50231ab714d0e8e855ac52fae8b41233df4"
url = "https://github.com/junegunn/fzf/releases/download/v0.71.0/fzf-0.71.0-linux_amd64.tar.gz"

[tools.fzf."platforms.macos-arm64"]
checksum = "sha256:02dfb11de8773cb79aa4fc5bfc77e75c6604ee14728bc849fc162dd91a9714c4"
url = "https://github.com/junegunn/fzf/releases/download/v0.71.0/fzf-0.71.0-darwin_arm64.tar.gz"

[tools.fzf."platforms.macos-x64"]
checksum = "sha256:144e98ee6bcffaf915366162768000561cd2db8fb53b119d73110391a8e5b5f0"
url = "https://github.com/junegunn/fzf/releases/download/v0.71.0/fzf-0.71.0-darwin_amd64.tar.gz"

[tools.fzf."platforms.windows-x64"]
checksum = "sha256:15bf30fa658c596d740f0ce9a9a97b6b5d90566124903657d09fd109dd0973d2"
url = "https://github.com/junegunn/fzf/releases/download/v0.71.0/fzf-0.71.0-windows_amd64.zip"

[[tools.gh]]
version = "2.89.0"
backend = "aqua:cli/cli"

[tools.gh."platforms.linux-arm64"]
checksum = "sha256:9e64a623dfc242990aa5d9b3f507111149c4282f66b68eaad1dc79eeb13b9ce5"
url = "https://github.com/cli/cli/releases/download/v2.89.0/gh_2.89.0_linux_arm64.tar.gz"

[tools.gh."platforms.linux-arm64-musl"]
checksum = "sha256:9e64a623dfc242990aa5d9b3f507111149c4282f66b68eaad1dc79eeb13b9ce5"
url = "https://github.com/cli/cli/releases/download/v2.89.0/gh_2.89.0_linux_arm64.tar.gz"

[tools.gh."platforms.linux-x64"]
checksum = "sha256:d0422caade520530e76c1c558da47daebaa8e1203d6b7ff10ad7d6faba3490d8"
url = "https://github.com/cli/cli/releases/download/v2.89.0/gh_2.89.0_linux_amd64.tar.gz"

[tools.gh."platforms.linux-x64-musl"]
checksum = "sha256:d0422caade520530e76c1c558da47daebaa8e1203d6b7ff10ad7d6faba3490d8"
url = "https://github.com/cli/cli/releases/download/v2.89.0/gh_2.89.0_linux_amd64.tar.gz"

[tools.gh."platforms.macos-arm64"]
checksum = "sha256:2423d02ec0a2094898c378703a1b28a5846c08700f87461363857cb8cb3fda94"
url = "https://github.com/cli/cli/releases/download/v2.89.0/gh_2.89.0_macOS_arm64.zip"

[tools.gh."platforms.macos-x64"]
checksum = "sha256:862e21cac6a71f81e7cd6e5127e3cd344f8537441ad2db94cd208319dd17b6e9"
url = "https://github.com/cli/cli/releases/download/v2.89.0/gh_2.89.0_macOS_amd64.zip"

[tools.gh."platforms.windows-x64"]
checksum = "sha256:f3326f6406c98c99701b257d77e2b040eedf83d0176c2c2e9809aa339ceb467e"
url = "https://github.com/cli/cli/releases/download/v2.89.0/gh_2.89.0_windows_amd64.zip"

[[tools.gitleaks]]
version = "8.30.1"
backend = "aqua:gitleaks/gitleaks"

[tools.gitleaks."platforms.linux-arm64"]
checksum = "sha256:e4a487ee7ccd7d3a7f7ec08657610aa3606637dab924210b3aee62570fb4b080"
url = "https://github.com/gitleaks/gitleaks/releases/download/v8.30.1/gitleaks_8.30.1_linux_arm64.tar.gz"

[tools.gitleaks."platforms.linux-arm64-musl"]
checksum = "sha256:e4a487ee7ccd7d3a7f7ec08657610aa3606637dab924210b3aee62570fb4b080"
url = "https://github.com/gitleaks/gitleaks/releases/download/v8.30.1/gitleaks_8.30.1_linux_arm64.tar.gz"

[tools.gitleaks."platforms.linux-x64"]
checksum = "sha256:551f6fc83ea457d62a0d98237cbad105af8d557003051f41f3e7ca7b3f2470eb"
url = "https://github.com/gitleaks/gitleaks/releases/download/v8.30.1/gitleaks_8.30.1_linux_x64.tar.gz"

[tools.gitleaks."platforms.linux-x64-musl"]
checksum = "sha256:551f6fc83ea457d62a0d98237cbad105af8d557003051f41f3e7ca7b3f2470eb"
url = "https://github.com/gitleaks/gitleaks/releases/download/v8.30.1/gitleaks_8.30.1_linux_x64.tar.gz"

[tools.gitleaks."platforms.macos-arm64"]
checksum = "sha256:b40ab0ae55c505963e365f271a8d3846efbc170aa17f2607f13df610a9aeb6a5"
url = "https://github.com/gitleaks/gitleaks/releases/download/v8.30.1/gitleaks_8.30.1_darwin_arm64.tar.gz"

[tools.gitleaks."platforms.macos-x64"]
checksum = "sha256:dfe101a4db2255fc85120ac7f3d25e4342c3c20cf749f2c20a18081af1952709"
url = "https://github.com/gitleaks/gitleaks/releases/download/v8.30.1/gitleaks_8.30.1_darwin_x64.tar.gz"

[tools.gitleaks."platforms.windows-x64"]
checksum = "sha256:d29144deff3a68aa93ced33dddf84b7fdc26070add4aa0f4513094c8332afc4e"
url = "https://github.com/gitleaks/gitleaks/releases/download/v8.30.1/gitleaks_8.30.1_windows_x64.zip"

[[tools.gitsign]]
version = "0.14.0"
backend = "aqua:sigstore/gitsign"

[tools.gitsign."platforms.linux-arm64"]
checksum = "sha256:adaa11fb9557618737fc127be1e2f236eee3c11d97c5499d2b4a7018b28252af"
url = "https://github.com/sigstore/gitsign/releases/download/v0.14.0/gitsign_0.14.0_linux_arm64"

[tools.gitsign."platforms.linux-arm64-musl"]
checksum = "sha256:adaa11fb9557618737fc127be1e2f236eee3c11d97c5499d2b4a7018b28252af"
url = "https://github.com/sigstore/gitsign/releases/download/v0.14.0/gitsign_0.14.0_linux_arm64"

[tools.gitsign."platforms.linux-x64"]
checksum = "sha256:23fcc3d71e0abcbc635b1b95dbe758ac08773e3642b407646c32c3cf4c6def74"
url = "https://github.com/sigstore/gitsign/releases/download/v0.14.0/gitsign_0.14.0_linux_amd64"

[tools.gitsign."platforms.linux-x64-musl"]
checksum = "sha256:23fcc3d71e0abcbc635b1b95dbe758ac08773e3642b407646c32c3cf4c6def74"
url = "https://github.com/sigstore/gitsign/releases/download/v0.14.0/gitsign_0.14.0_linux_amd64"

[tools.gitsign."platforms.macos-arm64"]
checksum = "sha256:58a6741848860faaa15306e4ee4fa6d4901607f818771f05be2449c6e73920bb"
url = "https://github.com/sigstore/gitsign/releases/download/v0.14.0/gitsign_0.14.0_darwin_arm64"

[tools.gitsign."platforms.macos-x64"]
checksum = "sha256:65c93942d663e24b45a37a41e2604d5d39926c03ad6432356ce3304162c3ef46"
url = "https://github.com/sigstore/gitsign/releases/download/v0.14.0/gitsign_0.14.0_darwin_amd64"

[tools.gitsign."platforms.windows-x64"]
checksum = "sha256:393a6c68509e9071e1747146e94b2417ad0257399a2fa10186ff0ae114e73603"
url = "https://github.com/sigstore/gitsign/releases/download/v0.14.0/gitsign_0.14.0_windows_amd64.exe"

[[tools.helix]]
version = "25.07.1"
backend = "aqua:helix-editor/helix"

[tools.helix."platforms.linux-arm64"]
checksum = "sha256:ce23fa8d395e633e3e54c052012f11965d91d8d5c2bfa659685f50430b4f8175"
url = "https://github.com/helix-editor/helix/releases/download/25.07.1/helix-25.07.1-aarch64-linux.tar.xz"

[tools.helix."platforms.linux-arm64-musl"]
checksum = "sha256:ce23fa8d395e633e3e54c052012f11965d91d8d5c2bfa659685f50430b4f8175"
url = "https://github.com/helix-editor/helix/releases/download/25.07.1/helix-25.07.1-aarch64-linux.tar.xz"

[tools.helix."platforms.linux-x64"]
checksum = "sha256:3f08e63ecd388fff657ad39722f88bb03dcf326f1f2da2700d99e1dc40ab2e8b"
url = "https://github.com/helix-editor/helix/releases/download/25.07.1/helix-25.07.1-x86_64-linux.tar.xz"

[tools.helix."platforms.linux-x64-musl"]
checksum = "sha256:3f08e63ecd388fff657ad39722f88bb03dcf326f1f2da2700d99e1dc40ab2e8b"
url = "https://github.com/helix-editor/helix/releases/download/25.07.1/helix-25.07.1-x86_64-linux.tar.xz"

[tools.helix."platforms.macos-arm64"]
checksum = "sha256:00b1651b4fdbbe0a2ae981c8e76b858bd26a7c33f5b3583f3b6bb9137d54f1ff"
url = "https://github.com/helix-editor/helix/releases/download/25.07.1/helix-25.07.1-aarch64-macos.tar.xz"

[tools.helix."platforms.macos-x64"]
checksum = "sha256:84dc32d617d28d32f4aa21e3aafac47bd715d1154aeb977697d4d60b887b7103"
url = "https://github.com/helix-editor/helix/releases/download/25.07.1/helix-25.07.1-x86_64-macos.tar.xz"

[tools.helix."platforms.windows-x64"]
checksum = "sha256:5c8325ced8bacd8418d62706f669e96d9c3578a9237526e34d546900cbc049b6"
url = "https://github.com/helix-editor/helix/releases/download/25.07.1/helix-25.07.1-x86_64-windows.zip"

[[tools.lazydocker]]
version = "0.25.0"
backend = "aqua:jesseduffield/lazydocker"

[tools.lazydocker."platforms.linux-arm64"]
checksum = "sha256:75bf3df5ee3bfd8f20a98c009d6f6787d009f03385d0d56b2a2aea26bdb7c287"
url = "https://github.com/jesseduffield/lazydocker/releases/download/v0.25.0/lazydocker_0.25.0_Linux_arm64.tar.gz"

[tools.lazydocker."platforms.linux-arm64-musl"]
checksum = "sha256:75bf3df5ee3bfd8f20a98c009d6f6787d009f03385d0d56b2a2aea26bdb7c287"
url = "https://github.com/jesseduffield/lazydocker/releases/download/v0.25.0/lazydocker_0.25.0_Linux_arm64.tar.gz"

[tools.lazydocker."platforms.linux-x64"]
checksum = "sha256:9c17b1458b214af50168f5f5e981f1f9c4b34d13a22734b7318bf9a05132ff3d"
url = "https://github.com/jesseduffield/lazydocker/releases/download/v0.25.0/lazydocker_0.25.0_Linux_x86_64.tar.gz"

[tools.lazydocker."platforms.linux-x64-musl"]
checksum = "sha256:9c17b1458b214af50168f5f5e981f1f9c4b34d13a22734b7318bf9a05132ff3d"
url = "https://github.com/jesseduffield/lazydocker/releases/download/v0.25.0/lazydocker_0.25.0_Linux_x86_64.tar.gz"

[tools.lazydocker."platforms.macos-arm64"]
checksum = "sha256:55f0573847bbfa68b0129e7e6922f5766f300ea3411f8b41e34044f86111fa1a"
url = "https://github.com/jesseduffield/lazydocker/releases/download/v0.25.0/lazydocker_0.25.0_Darwin_arm64.tar.gz"

[tools.lazydocker."platforms.macos-x64"]
checksum = "sha256:0209a85adc5a6530e452ddfba6f4ddc735bbe953e2a7de76f555684933b01d65"
url = "https://github.com/jesseduffield/lazydocker/releases/download/v0.25.0/lazydocker_0.25.0_Darwin_x86_64.tar.gz"

[tools.lazydocker."platforms.windows-x64"]
checksum = "sha256:2af0b2516cd006b1849f2cdae4cd82abbf5d1c2d49b88563daffaa1fb4ac46bb"
url = "https://github.com/jesseduffield/lazydocker/releases/download/v0.25.0/lazydocker_0.25.0_Windows_x86_64.zip"

[[tools.lazygit]]
version = "0.60.0"
backend = "aqua:jesseduffield/lazygit"

[tools.lazygit."platforms.linux-arm64"]
checksum = "sha256:2c699579165416eede4d2cfaf7d76ccd8f3b20f20f2e8b4abff6b5a6350fcdd7"
url = "https://github.com/jesseduffield/lazygit/releases/download/v0.60.0/lazygit_0.60.0_linux_arm64.tar.gz"

[tools.lazygit."platforms.linux-arm64-musl"]
checksum = "sha256:2c699579165416eede4d2cfaf7d76ccd8f3b20f20f2e8b4abff6b5a6350fcdd7"
url = "https://github.com/jesseduffield/lazygit/releases/download/v0.60.0/lazygit_0.60.0_linux_arm64.tar.gz"

[tools.lazygit."platforms.linux-x64"]
checksum = "sha256:6252ca6cf98bc4fd3e0d927b54225910cfa57b065d0ad88263f14592f7f9ab15"
url = "https://github.com/jesseduffield/lazygit/releases/download/v0.60.0/lazygit_0.60.0_linux_x86_64.tar.gz"

[tools.lazygit."platforms.linux-x64-musl"]
checksum = "sha256:6252ca6cf98bc4fd3e0d927b54225910cfa57b065d0ad88263f14592f7f9ab15"
url = "https://github.com/jesseduffield/lazygit/releases/download/v0.60.0/lazygit_0.60.0_linux_x86_64.tar.gz"

[tools.lazygit."platforms.macos-arm64"]
checksum = "sha256:5045f0ff2117f12cb5232d65e01c054eb9ea6b8e2f0f0b80e99fbaa589b581b9"
url = "https://github.com/jesseduffield/lazygit/releases/download/v0.60.0/lazygit_0.60.0_darwin_arm64.tar.gz"

[tools.lazygit."platforms.macos-x64"]
checksum = "sha256:9210a8bd8bf18537f9d7747361c8eba62518e10e4d5fbfe915cf110635eaab78"
url = "https://github.com/jesseduffield/lazygit/releases/download/v0.60.0/lazygit_0.60.0_darwin_x86_64.tar.gz"

[tools.lazygit."platforms.windows-x64"]
checksum = "sha256:435b53165ff4604e201549b9317eb0b8bb5b3f6728be612656988e90c821a9b9"
url = "https://github.com/jesseduffield/lazygit/releases/download/v0.60.0/lazygit_0.60.0_windows_x86_64.zip"

[[tools.opencode]]
version = "1.3.13"
backend = "aqua:anomalyco/opencode"

[tools.opencode."platforms.linux-arm64"]
checksum = "sha256:af9133ceb5d9957265d730456554aa7c38aabc8ff3827394a23d3feac8fe7ef2"
url = "https://github.com/anomalyco/opencode/releases/download/v1.3.13/opencode-linux-arm64.tar.gz"

[tools.opencode."platforms.linux-arm64-musl"]
checksum = "sha256:af9133ceb5d9957265d730456554aa7c38aabc8ff3827394a23d3feac8fe7ef2"
url = "https://github.com/anomalyco/opencode/releases/download/v1.3.13/opencode-linux-arm64.tar.gz"

[tools.opencode."platforms.linux-x64"]
checksum = "sha256:08ac2a91d8f071b0e5bb7ec08665c7f944bcba00a6fe02bb66338d74ad067ac5"
url = "https://github.com/anomalyco/opencode/releases/download/v1.3.13/opencode-linux-x64.tar.gz"

[tools.opencode."platforms.linux-x64-musl"]
checksum = "sha256:08ac2a91d8f071b0e5bb7ec08665c7f944bcba00a6fe02bb66338d74ad067ac5"
url = "https://github.com/anomalyco/opencode/releases/download/v1.3.13/opencode-linux-x64.tar.gz"

[tools.opencode."platforms.macos-arm64"]
checksum = "sha256:cbbdbfa19d19f95538909b0af2a49f8bae70ba4f5b6f40d17c6ebb9d19f23f33"
url = "https://github.com/anomalyco/opencode/releases/download/v1.3.13/opencode-darwin-arm64.zip"

[tools.opencode."platforms.macos-x64"]
checksum = "sha256:8fd84abb682ac0ece726e65a3db6bdd7baa0143c968425294283bee1f058bb37"
url = "https://github.com/anomalyco/opencode/releases/download/v1.3.13/opencode-darwin-x64.zip"

[tools.opencode."platforms.windows-x64"]
checksum = "sha256:c0271e20a95fdd740764bddd4838ee31ef9a87b7a129b3335c959118f4528ce2"
url = "https://github.com/anomalyco/opencode/releases/download/v1.3.13/opencode-windows-x64.zip"

[[tools.opencode]]
version = "1.3.15"
backend = "aqua:anomalyco/opencode"

[tools.opencode."platforms.linux-arm64"]
checksum = "sha256:127f6088266a046baa6c18c313f7af5bef0a4a05a7beedb94ca1566807dc5945"
url = "https://github.com/anomalyco/opencode/releases/download/v1.3.15/opencode-linux-arm64.tar.gz"

[tools.opencode."platforms.linux-arm64-musl"]
checksum = "sha256:127f6088266a046baa6c18c313f7af5bef0a4a05a7beedb94ca1566807dc5945"
url = "https://github.com/anomalyco/opencode/releases/download/v1.3.15/opencode-linux-arm64.tar.gz"

[tools.opencode."platforms.linux-x64"]
checksum = "sha256:ee9971caebdc1dab1a3f60349f2306875e97a7ddf713628cf89b82c28280e971"
url = "https://github.com/anomalyco/opencode/releases/download/v1.3.15/opencode-linux-x64.tar.gz"

[tools.opencode."platforms.linux-x64-musl"]
checksum = "sha256:ee9971caebdc1dab1a3f60349f2306875e97a7ddf713628cf89b82c28280e971"
url = "https://github.com/anomalyco/opencode/releases/download/v1.3.15/opencode-linux-x64.tar.gz"

[tools.opencode."platforms.macos-arm64"]
checksum = "sha256:4780615eac71e2d052d5a7c975ec1f5d296dae1301635fcf1db96620094a2ba6"
url = "https://github.com/anomalyco/opencode/releases/download/v1.3.15/opencode-darwin-arm64.zip"

[tools.opencode."platforms.macos-x64"]
checksum = "sha256:0719179cf5da2e32f39dfce396218f04dbb3d2abea5ac626766a7002559ae158"
url = "https://github.com/anomalyco/opencode/releases/download/v1.3.15/opencode-darwin-x64.zip"

[tools.opencode."platforms.windows-x64"]
checksum = "sha256:ee2fa6b50a66aaf4f0c2bd4ce2b8934828bba5a2ce619f9eba7620388d13dfda"
url = "https://github.com/anomalyco/opencode/releases/download/v1.3.15/opencode-windows-x64.zip"

[[tools.rg]]
version = "15.1.0"
backend = "aqua:BurntSushi/ripgrep"

[tools.rg."platforms.linux-arm64"]
checksum = "sha256:2b661c6ef508e902f388e9098d9c4c5aca72c87b55922d94abdba830b4dc885e"
url = "https://github.com/BurntSushi/ripgrep/releases/download/15.1.0/ripgrep-15.1.0-aarch64-unknown-linux-gnu.tar.gz"

[tools.rg."platforms.linux-arm64-musl"]
checksum = "sha256:2b661c6ef508e902f388e9098d9c4c5aca72c87b55922d94abdba830b4dc885e"
url = "https://github.com/BurntSushi/ripgrep/releases/download/15.1.0/ripgrep-15.1.0-aarch64-unknown-linux-gnu.tar.gz"

[tools.rg."platforms.linux-x64"]
checksum = "sha256:1c9297be4a084eea7ecaedf93eb03d058d6faae29bbc57ecdaf5063921491599"
url = "https://github.com/BurntSushi/ripgrep/releases/download/15.1.0/ripgrep-15.1.0-x86_64-unknown-linux-musl.tar.gz"

[tools.rg."platforms.linux-x64-musl"]
checksum = "sha256:1c9297be4a084eea7ecaedf93eb03d058d6faae29bbc57ecdaf5063921491599"
url = "https://github.com/BurntSushi/ripgrep/releases/download/15.1.0/ripgrep-15.1.0-x86_64-unknown-linux-musl.tar.gz"

[tools.rg."platforms.macos-arm64"]
checksum = "sha256:378e973289176ca0c6054054ee7f631a065874a352bf43f0fa60ef079b6ba715"
url = "https://github.com/BurntSushi/ripgrep/releases/download/15.1.0/ripgrep-15.1.0-aarch64-apple-darwin.tar.gz"

[tools.rg."platforms.macos-x64"]
checksum = "sha256:64811cb24e77cac3057d6c40b63ac9becf9082eedd54ca411b475b755d334882"
url = "https://github.com/BurntSushi/ripgrep/releases/download/15.1.0/ripgrep-15.1.0-x86_64-apple-darwin.tar.gz"

[tools.rg."platforms.windows-x64"]
checksum = "sha256:124510b94b6baa3380d051fdf4650eaa80a302c876d611e9dba0b2e18d87493a"
url = "https://github.com/BurntSushi/ripgrep/releases/download/15.1.0/ripgrep-15.1.0-x86_64-pc-windows-msvc.zip"

[[tools.scooter]]
version = "0.9.0"
backend = "aqua:thomasschafer/scooter"

[tools.scooter."platforms.linux-arm64"]
checksum = "sha256:a8ded19fab489b3ccbd75827f61c692e7871c354d41813a3c543d9e62fa42c31"
url = "https://github.com/thomasschafer/scooter/releases/download/v0.9.0/scooter-v0.9.0-aarch64-unknown-linux-musl.tar.gz"

[tools.scooter."platforms.linux-arm64-musl"]
checksum = "sha256:a8ded19fab489b3ccbd75827f61c692e7871c354d41813a3c543d9e62fa42c31"
url = "https://github.com/thomasschafer/scooter/releases/download/v0.9.0/scooter-v0.9.0-aarch64-unknown-linux-musl.tar.gz"

[tools.scooter."platforms.linux-x64"]
checksum = "sha256:5db85eaed5d1ba2d6c947f87d36a339f85e3f9740c2bc8d9a9febace64f31933"
url = "https://github.com/thomasschafer/scooter/releases/download/v0.9.0/scooter-v0.9.0-x86_64-unknown-linux-musl.tar.gz"

[tools.scooter."platforms.linux-x64-musl"]
checksum = "sha256:5db85eaed5d1ba2d6c947f87d36a339f85e3f9740c2bc8d9a9febace64f31933"
url = "https://github.com/thomasschafer/scooter/releases/download/v0.9.0/scooter-v0.9.0-x86_64-unknown-linux-musl.tar.gz"

[tools.scooter."platforms.macos-arm64"]
checksum = "sha256:9e920cae4afbdbd0a202eb15278ae378b33699399a6f72ee953f280d13087881"
url = "https://github.com/thomasschafer/scooter/releases/download/v0.9.0/scooter-v0.9.0-aarch64-apple-darwin.tar.gz"

[tools.scooter."platforms.macos-x64"]
checksum = "sha256:26ce8ba597bfa5e509943cc327ecf8dfbd495be5913d866e3eca21c86499f7e6"
url = "https://github.com/thomasschafer/scooter/releases/download/v0.9.0/scooter-v0.9.0-x86_64-apple-darwin.tar.gz"

[tools.scooter."platforms.windows-x64"]
checksum = "sha256:9501ed1055f371171d71ccbe825e8bbb5b8a245ec1c01bb01033406908a1f6d5"
url = "https://github.com/thomasschafer/scooter/releases/download/v0.9.0/scooter-v0.9.0-x86_64-pc-windows-msvc.zip"

[[tools.starship]]
version = "1.24.2"
backend = "aqua:starship/starship"

[tools.starship."platforms.linux-arm64"]
checksum = "sha256:56b9ff412bbf374d29b99e5ac09a849124cb37a0a13121e8470df32de53c1ea6"
url = "https://github.com/starship/starship/releases/download/v1.24.2/starship-aarch64-unknown-linux-musl.tar.gz"

[tools.starship."platforms.linux-arm64-musl"]
checksum = "sha256:56b9ff412bbf374d29b99e5ac09a849124cb37a0a13121e8470df32de53c1ea6"
url = "https://github.com/starship/starship/releases/download/v1.24.2/starship-aarch64-unknown-linux-musl.tar.gz"

[tools.starship."platforms.linux-x64"]
checksum = "sha256:00ff3c1f8ffb59b5c15d4b44c076bcca04d92cf0055c86b916248c14f3ae714a"
url = "https://github.com/starship/starship/releases/download/v1.24.2/starship-x86_64-unknown-linux-musl.tar.gz"

[tools.starship."platforms.linux-x64-musl"]
checksum = "sha256:00ff3c1f8ffb59b5c15d4b44c076bcca04d92cf0055c86b916248c14f3ae714a"
url = "https://github.com/starship/starship/releases/download/v1.24.2/starship-x86_64-unknown-linux-musl.tar.gz"

[tools.starship."platforms.macos-arm64"]
checksum = "sha256:d3a0da21374962625a2ee992110979bc1fa33424d7b6aea58a70405e26544fd9"
url = "https://github.com/starship/starship/releases/download/v1.24.2/starship-aarch64-apple-darwin.tar.gz"

[tools.starship."platforms.macos-x64"]
checksum = "sha256:237beb10cc970c4361536e9f9f434dfed755f8282c5cd951b6a7e3fcbda8e779"
url = "https://github.com/starship/starship/releases/download/v1.24.2/starship-x86_64-apple-darwin.tar.gz"

[tools.starship."platforms.windows-x64"]
checksum = "sha256:d38424c595320e9639a276666347d5e44cb004de3972f40b9a5a1a6b88537f29"
url = "https://github.com/starship/starship/releases/download/v1.24.2/starship-x86_64-pc-windows-msvc.zip"

[[tools.tlrc]]
version = "1.13.0"
backend = "aqua:tldr-pages/tlrc"

[tools.tlrc."platforms.linux-x64"]
checksum = "sha256:29afac4831274fb0b4f26951f9c8fb006ceb3b6c84f301c7bc48395badd27c3e"
url = "https://github.com/tldr-pages/tlrc/releases/download/v1.13.0/tlrc-v1.13.0-x86_64-unknown-linux-musl.tar.gz"

[tools.tlrc."platforms.linux-x64-musl"]
checksum = "sha256:29afac4831274fb0b4f26951f9c8fb006ceb3b6c84f301c7bc48395badd27c3e"
url = "https://github.com/tldr-pages/tlrc/releases/download/v1.13.0/tlrc-v1.13.0-x86_64-unknown-linux-musl.tar.gz"

[tools.tlrc."platforms.macos-arm64"]
checksum = "sha256:ca84b09390d81058c8f6c532da7ffb06dbe42a0d208bd3a35f1649b368ebacba"
url = "https://github.com/tldr-pages/tlrc/releases/download/v1.13.0/tlrc-v1.13.0-x86_64-apple-darwin.tar.gz"

[tools.tlrc."platforms.macos-x64"]
checksum = "sha256:ca84b09390d81058c8f6c532da7ffb06dbe42a0d208bd3a35f1649b368ebacba"
url = "https://github.com/tldr-pages/tlrc/releases/download/v1.13.0/tlrc-v1.13.0-x86_64-apple-darwin.tar.gz"

[tools.tlrc."platforms.windows-x64"]
checksum = "sha256:d26fa0e5e190513b66a7834945846370aced3f945f681f901ebbe55e1b11901d"
url = "https://github.com/tldr-pages/tlrc/releases/download/v1.13.0/tlrc-v1.13.0-x86_64-pc-windows-msvc.zip"

[[tools.tmux]]
version = "3.6a"
backend = "aqua:tmux/tmux-builds"

[tools.tmux."platforms.linux-arm64"]
checksum = "sha256:bb5afd9d646df54a7d7c66e198aa22c7d293c7453534f1670f7c540534db8b5e"
url = "https://github.com/tmux/tmux-builds/releases/download/v3.6a/tmux-3.6a-linux-arm64.tar.gz"

[tools.tmux."platforms.linux-arm64-musl"]
checksum = "sha256:bb5afd9d646df54a7d7c66e198aa22c7d293c7453534f1670f7c540534db8b5e"
url = "https://github.com/tmux/tmux-builds/releases/download/v3.6a/tmux-3.6a-linux-arm64.tar.gz"

[tools.tmux."platforms.linux-x64"]
checksum = "sha256:c0a772a5e6ca8f129b0111d10029a52e02bcbc8352d5a8c0d3de8466a1e59c2e"
url = "https://github.com/tmux/tmux-builds/releases/download/v3.6a/tmux-3.6a-linux-x86_64.tar.gz"

[tools.tmux."platforms.linux-x64-musl"]
checksum = "sha256:c0a772a5e6ca8f129b0111d10029a52e02bcbc8352d5a8c0d3de8466a1e59c2e"
url = "https://github.com/tmux/tmux-builds/releases/download/v3.6a/tmux-3.6a-linux-x86_64.tar.gz"

[tools.tmux."platforms.macos-arm64"]
checksum = "sha256:12b5b9f8696e1286897d946649c0a80d0169dd76e018d34476a1fbd34de89a0f"
url = "https://github.com/tmux/tmux-builds/releases/download/v3.6a/tmux-3.6a-macos-arm64.tar.gz"

[tools.tmux."platforms.macos-x64"]
checksum = "sha256:b9b12eaeba43acf5671acf3857d947525440b544185a8db34ea557199a090251"
url = "https://github.com/tmux/tmux-builds/releases/download/v3.6a/tmux-3.6a-macos-x86_64.tar.gz"

[[tools.usage]]
version = "3.2.0"
backend = "aqua:jdx/usage"

[tools.usage."platforms.linux-arm64"]
checksum = "sha256:9cc22814763948582a31b054e6aa3adfc7a820a3cafb82b317dd4a8931277c0f"
url = "https://github.com/jdx/usage/releases/download/v3.2.0/usage-aarch64-unknown-linux-musl.tar.gz"

[tools.usage."platforms.linux-arm64-musl"]
checksum = "sha256:9cc22814763948582a31b054e6aa3adfc7a820a3cafb82b317dd4a8931277c0f"
url = "https://github.com/jdx/usage/releases/download/v3.2.0/usage-aarch64-unknown-linux-musl.tar.gz"

[tools.usage."platforms.linux-x64"]
checksum = "sha256:7f48ee228ae95b07c193ec61def326575682b37032473c5af4b3b93a114aec81"
url = "https://github.com/jdx/usage/releases/download/v3.2.0/usage-x86_64-unknown-linux-musl.tar.gz"

[tools.usage."platforms.linux-x64-musl"]
checksum = "sha256:7f48ee228ae95b07c193ec61def326575682b37032473c5af4b3b93a114aec81"
url = "https://github.com/jdx/usage/releases/download/v3.2.0/usage-x86_64-unknown-linux-musl.tar.gz"

[tools.usage."platforms.macos-arm64"]
checksum = "sha256:f0a566bc05fc485b23a339abddbaef04225e7730574dbb603fdc021e084d26f9"
url = "https://github.com/jdx/usage/releases/download/v3.2.0/usage-universal-apple-darwin.tar.gz"

[tools.usage."platforms.macos-x64"]
checksum = "sha256:f0a566bc05fc485b23a339abddbaef04225e7730574dbb603fdc021e084d26f9"
url = "https://github.com/jdx/usage/releases/download/v3.2.0/usage-universal-apple-darwin.tar.gz"

[tools.usage."platforms.windows-x64"]
checksum = "sha256:9aba23a5d549695cfb5f034849e143205ccf972e5b5d42c24acd32e084d7a165"
url = "https://github.com/jdx/usage/releases/download/v3.2.0/usage-x86_64-pc-windows-msvc.zip"

[[tools.yazi]]
version = "26.1.22"
backend = "aqua:sxyazi/yazi"

[tools.yazi."platforms.linux-arm64"]
checksum = "sha256:91a37cdb3aa49f903aab6af57bca708935acb6def1d9f218716ab414f0a3a8b1"
url = "https://github.com/sxyazi/yazi/releases/download/v26.1.22/yazi-aarch64-unknown-linux-musl.zip"

[tools.yazi."platforms.linux-arm64-musl"]
checksum = "sha256:91a37cdb3aa49f903aab6af57bca708935acb6def1d9f218716ab414f0a3a8b1"
url = "https://github.com/sxyazi/yazi/releases/download/v26.1.22/yazi-aarch64-unknown-linux-musl.zip"

[tools.yazi."platforms.linux-x64"]
checksum = "sha256:b977351968206c0b78d2ef5bf21351685cc191b58a4c7e1c98c37db5d0a381f8"
url = "https://github.com/sxyazi/yazi/releases/download/v26.1.22/yazi-x86_64-unknown-linux-musl.zip"

[tools.yazi."platforms.linux-x64-musl"]
checksum = "sha256:b977351968206c0b78d2ef5bf21351685cc191b58a4c7e1c98c37db5d0a381f8"
url = "https://github.com/sxyazi/yazi/releases/download/v26.1.22/yazi-x86_64-unknown-linux-musl.zip"

[tools.yazi."platforms.macos-arm64"]
checksum = "sha256:8355ad582dd9f4ef1f88a228080f2b6116bbb483dd48d1bde555d475f4d2afe4"
url = "https://github.com/sxyazi/yazi/releases/download/v26.1.22/yazi-aarch64-apple-darwin.zip"

[tools.yazi."platforms.macos-x64"]
checksum = "sha256:1e097c015a968aba29bbc11bffdb99a7aedaf92c78df09d00613283dac0f148c"
url = "https://github.com/sxyazi/yazi/releases/download/v26.1.22/yazi-x86_64-apple-darwin.zip"

[tools.yazi."platforms.windows-x64"]
checksum = "sha256:7d6c8e3f596f99dd8f20fc7b806c9195c4746c2b7100d0e90a7ff80c259c899a"
url = "https://github.com/sxyazi/yazi/releases/download/v26.1.22/yazi-x86_64-pc-windows-msvc.zip"

[[tools.zoxide]]
version = "0.9.9"
backend = "aqua:ajeetdsouza/zoxide"

[tools.zoxide."platforms.linux-arm64"]
checksum = "sha256:96e6ea2e47a71db42cb7ad5a36e9209c8cb3708f8ae00f6945573d0d93315cb0"
url = "https://github.com/ajeetdsouza/zoxide/releases/download/v0.9.9/zoxide-0.9.9-aarch64-unknown-linux-musl.tar.gz"

[tools.zoxide."platforms.linux-arm64-musl"]
checksum = "sha256:96e6ea2e47a71db42cb7ad5a36e9209c8cb3708f8ae00f6945573d0d93315cb0"
url = "https://github.com/ajeetdsouza/zoxide/releases/download/v0.9.9/zoxide-0.9.9-aarch64-unknown-linux-musl.tar.gz"

[tools.zoxide."platforms.linux-x64"]
checksum = "sha256:4ff057d3c4d957946937274c2b8be7af2a9bbae7f90a1b5e9baaa7cb65a20caa"
url = "https://github.com/ajeetdsouza/zoxide/releases/download/v0.9.9/zoxide-0.9.9-x86_64-unknown-linux-musl.tar.gz"

[tools.zoxide."platforms.linux-x64-musl"]
checksum = "sha256:4ff057d3c4d957946937274c2b8be7af2a9bbae7f90a1b5e9baaa7cb65a20caa"
url = "https://github.com/ajeetdsouza/zoxide/releases/download/v0.9.9/zoxide-0.9.9-x86_64-unknown-linux-musl.tar.gz"

[tools.zoxide."platforms.macos-arm64"]
checksum = "sha256:57e733d0436309dae2ed97e46bba43937209395298e1d88812d4e893900cb40a"
url = "https://github.com/ajeetdsouza/zoxide/releases/download/v0.9.9/zoxide-0.9.9-aarch64-apple-darwin.tar.gz"

[tools.zoxide."platforms.macos-x64"]
checksum = "sha256:364249cff18354397c72ebb6b8f7358404c051c486e0f2f7a46e36c86c16f8c7"
url = "https://github.com/ajeetdsouza/zoxide/releases/download/v0.9.9/zoxide-0.9.9-x86_64-apple-darwin.tar.gz"

[tools.zoxide."platforms.windows-x64"]
checksum = "sha256:5af00d0916f05631e3030537289eac56605e7c1733318c4d525c8e847f12496d"
url = "https://github.com/ajeetdsouza/zoxide/releases/download/v0.9.9/zoxide-0.9.9-x86_64-pc-windows-msvc.zip"
