# @generated - this file is auto-generated by `mise lock` https://mise.jdx.dev/dev-tools/mise-lock.html

lockfile_version = 1

[[tools."aqua:lxc/incus"]]
version = "7.4.0"
backend = "aqua:lxc/incus"
specifiers = ["latest"]

[tools."aqua:lxc/incus"."platforms.linux-arm64"]
checksum = "sha256:101b1a602c9ce2bae3a4b3277ed574acd32c177f297db3daa80ea2fec4e406fb"
url = "https://github.com/lxc/incus/releases/download/v7.4.0/bin.linux.incus.aarch64"
url_api = "https://api.github.com/repos/lxc/incus/releases/assets/532980221"
provenance = "github-attestations"

[tools."aqua:lxc/incus"."platforms.linux-arm64-musl"]
checksum = "sha256:101b1a602c9ce2bae3a4b3277ed574acd32c177f297db3daa80ea2fec4e406fb"
url = "https://github.com/lxc/incus/releases/download/v7.4.0/bin.linux.incus.aarch64"
url_api = "https://api.github.com/repos/lxc/incus/releases/assets/532980221"
provenance = "github-attestations"

[tools."aqua:lxc/incus"."platforms.linux-x64"]
checksum = "sha256:2fa9b2699672225dde5290962f4087b426b5ecbd4fed0df8e430687d3b76b500"
url = "https://github.com/lxc/incus/releases/download/v7.4.0/bin.linux.incus.x86_64"
url_api = "https://api.github.com/repos/lxc/incus/releases/assets/532980174"
provenance = "github-attestations"

[tools."aqua:lxc/incus"."platforms.linux-x64-musl"]
checksum = "sha256:2fa9b2699672225dde5290962f4087b426b5ecbd4fed0df8e430687d3b76b500"
url = "https://github.com/lxc/incus/releases/download/v7.4.0/bin.linux.incus.x86_64"
url_api = "https://api.github.com/repos/lxc/incus/releases/assets/532980174"
provenance = "github-attestations"

[tools."aqua:lxc/incus"."platforms.macos-arm64"]
checksum = "sha256:6b3f916e769f1086690ba45d96e5a7cbb570d4589481eb6173672870ef8e4724"
url = "https://github.com/lxc/incus/releases/download/v7.4.0/bin.macos.incus.aarch64"
url_api = "https://api.github.com/repos/lxc/incus/releases/assets/532980176"
provenance = "github-attestations"

[tools."aqua:lxc/incus"."platforms.macos-x64"]
checksum = "sha256:edbeacd3ef8016fab1baa31b86763c3c4311810aff660d1e591fad3f2fbfed7e"
url = "https://github.com/lxc/incus/releases/download/v7.4.0/bin.macos.incus.x86_64"
url_api = "https://api.github.com/repos/lxc/incus/releases/assets/532980217"
provenance = "github-attestations"

[tools."aqua:lxc/incus"."platforms.windows-x64"]
checksum = "sha256:61fe7d129e8c3fd6dc4b11d20ec69f023d9f37e08ee7b1bb3f16d7ee4ad2739e"
url = "https://github.com/lxc/incus/releases/download/v7.4.0/bin.windows.incus.x86_64.exe"
url_api = "https://api.github.com/repos/lxc/incus/releases/assets/532980194"
provenance = "github-attestations"

[[tools.chezmoi]]
version = "2.72.1"
backend = "aqua:twpayne/chezmoi"
specifiers = ["latest"]

[tools.chezmoi."platforms.linux-arm64"]
checksum = "sha256:75508ef41216b6d64f3145986b751729d7f92d09c6bad77d51cf2895ab35a508"
url = "https://github.com/twpayne/chezmoi/releases/download/v2.72.1/chezmoi_2.72.1_linux_arm64.tar.gz"
url_api = "https://api.github.com/repos/twpayne/chezmoi/releases/assets/536653653"
provenance = "cosign"

[tools.chezmoi."platforms.linux-arm64-musl"]
checksum = "sha256:75508ef41216b6d64f3145986b751729d7f92d09c6bad77d51cf2895ab35a508"
url = "https://github.com/twpayne/chezmoi/releases/download/v2.72.1/chezmoi_2.72.1_linux_arm64.tar.gz"
url_api = "https://api.github.com/repos/twpayne/chezmoi/releases/assets/536653653"
provenance = "cosign"

[tools.chezmoi."platforms.linux-x64"]
checksum = "sha256:9f97d32caca166e5c92160ec3a9325519809c38963121cef38173142065c981f"
url = "https://github.com/twpayne/chezmoi/releases/download/v2.72.1/chezmoi_2.72.1_linux-glibc_amd64.tar.gz"
url_api = "https://api.github.com/repos/twpayne/chezmoi/releases/assets/536653696"
provenance = "cosign"

[tools.chezmoi."platforms.linux-x64-musl"]
checksum = "sha256:b961e2972d6fcd1002f9b986d4a61dc5da288e96aab226434fd5b20a7de80cf9"
url = "https://github.com/twpayne/chezmoi/releases/download/v2.72.1/chezmoi_2.72.1_linux-musl_amd64.tar.gz"
url_api = "https://api.github.com/repos/twpayne/chezmoi/releases/assets/536653704"
provenance = "cosign"

[tools.chezmoi."platforms.macos-arm64"]
checksum = "sha256:938d422091cc001e68fe3fd7efea9b923a36facbf2b8db67063639abbaf72de2"
url = "https://github.com/twpayne/chezmoi/releases/download/v2.72.1/chezmoi_2.72.1_darwin_arm64.tar.gz"
url_api = "https://api.github.com/repos/twpayne/chezmoi/releases/assets/536653589"
provenance = "cosign"

[tools.chezmoi."platforms.macos-x64"]
checksum = "sha256:bf0f0e048291efe126cb8bc51cf566057b92755cd53ce82c45efa11d2f8f4898"
url = "https://github.com/twpayne/chezmoi/releases/download/v2.72.1/chezmoi_2.72.1_darwin_amd64.tar.gz"
url_api = "https://api.github.com/repos/twpayne/chezmoi/releases/assets/536653588"
provenance = "cosign"

[tools.chezmoi."platforms.windows-x64"]
checksum = "sha256:75b22917f6baa0a40fec7bf9ad16fd8ea8cf4943f8d8cc1ddb07586d4376bf34"
url = "https://github.com/twpayne/chezmoi/releases/download/v2.72.1/chezmoi_2.72.1_windows_amd64.zip"
url_api = "https://api.github.com/repos/twpayne/chezmoi/releases/assets/536653691"
provenance = "cosign"

[[tools.fd]]
version = "10.5.0"
backend = "aqua:sharkdp/fd"
specifiers = ["latest"]

[tools.fd."platforms.linux-arm64"]
checksum = "sha256:c0ee43802e3313a317c5af2f4eabd6ba13eeedd595af9775f05e18a13ac4f52c"
url = "https://github.com/sharkdp/fd/releases/download/v10.5.0/fd-v10.5.0-aarch64-unknown-linux-gnu.tar.gz"
url_api = "https://api.github.com/repos/sharkdp/fd/releases/assets/530482307"

[tools.fd."platforms.linux-arm64-musl"]
checksum = "sha256:d76c4317f7d5dba69f8a2a15856c90c777e7f0dd4e85f0de8c76de6992c374d4"
url = "https://github.com/sharkdp/fd/releases/download/v10.5.0/fd-v10.5.0-aarch64-unknown-linux-musl.tar.gz"
url_api = "https://api.github.com/repos/sharkdp/fd/releases/assets/530481810"

[tools.fd."platforms.linux-x64"]
checksum = "sha256:a1259cd129636efbc3fef123525c1b49e88fe5088c012630983c310e52fdfa95"
url = "https://github.com/sharkdp/fd/releases/download/v10.5.0/fd-v10.5.0-x86_64-unknown-linux-gnu.tar.gz"
url_api = "https://api.github.com/repos/sharkdp/fd/releases/assets/530481615"

[tools.fd."platforms.linux-x64-musl"]
checksum = "sha256:761c72dc8e120d85b22292063be8a796e2eeb20eb3e4f38b8fa2343ccf3514a7"
url = "https://github.com/sharkdp/fd/releases/download/v10.5.0/fd-v10.5.0-x86_64-unknown-linux-musl.tar.gz"
url_api = "https://api.github.com/repos/sharkdp/fd/releases/assets/530481315"

[tools.fd."platforms.macos-arm64"]
checksum = "sha256:b67e1836c468e42e411984b56e52fa7abec08c2bd22c867398e7cc134aac5e12"
url = "https://github.com/sharkdp/fd/releases/download/v10.5.0/fd-v10.5.0-aarch64-apple-darwin.tar.gz"
url_api = "https://api.github.com/repos/sharkdp/fd/releases/assets/530481346"

[tools.fd."platforms.windows-x64"]
checksum = "sha256:a227701b8551c35a9931d9f6da75503cf86d88e182d71fb849a70864c5d57cd7"
url = "https://github.com/sharkdp/fd/releases/download/v10.5.0/fd-v10.5.0-x86_64-pc-windows-msvc.zip"
url_api = "https://api.github.com/repos/sharkdp/fd/releases/assets/530482901"

[[tools.go]]
version = "1.27.1"
backend = "core:go"
specifiers = ["latest"]

[tools.go."platforms.linux-arm64"]
checksum = "sha256:3450b45a3f9ee8568792736a5c5e70a1f2e9b36c35a8f74958c03e51d7d92bec"
url = "https://dl.google.com/go/go1.27.1.linux-arm64.tar.gz"

[tools.go."platforms.linux-arm64-musl"]
checksum = "sha256:3450b45a3f9ee8568792736a5c5e70a1f2e9b36c35a8f74958c03e51d7d92bec"
url = "https://dl.google.com/go/go1.27.1.linux-arm64.tar.gz"

[tools.go."platforms.linux-x64"]
checksum = "sha256:63d339f0da5ab53635a56f2490a7984dfe12dfcff22ad749f63edaf590168445"
url = "https://dl.google.com/go/go1.27.1.linux-amd64.tar.gz"

[tools.go."platforms.linux-x64-musl"]
checksum = "sha256:63d339f0da5ab53635a56f2490a7984dfe12dfcff22ad749f63edaf590168445"
url = "https://dl.google.com/go/go1.27.1.linux-amd64.tar.gz"

[tools.go."platforms.macos-arm64"]
checksum = "sha256:ee215d57e0ec269c60cc9ceca68e6bda321ba9ee5afe24f4b0988703c2d87d12"
url = "https://dl.google.com/go/go1.27.1.darwin-arm64.tar.gz"

[tools.go."platforms.macos-x64"]
checksum = "sha256:8f8f52c6649542cf027bbc9b9c68d1ec042f9f34808a40413f0b8b3f66f3caa4"
url = "https://dl.google.com/go/go1.27.1.darwin-amd64.tar.gz"

[tools.go."platforms.windows-x64"]
checksum = "sha256:a3911b5e0e1b1053f25ed0675f4c1c6aad1e2bfcf253df2b9be4caabd2edd95d"
url = "https://dl.google.com/go/go1.27.1.windows-amd64.zip"

[[tools.lazygit]]
version = "0.65.0"
backend = "aqua:jesseduffield/lazygit"
specifiers = ["latest"]

[tools.lazygit."platforms.linux-arm64"]
checksum = "sha256:d954a09c128bd37b2bd0d254308474e87de3729cfe0e37f5b46a49357a4fe257"
url = "https://github.com/jesseduffield/lazygit/releases/download/v0.65.0/lazygit_0.65.0_linux_arm64.tar.gz"
url_api = "https://api.github.com/repos/jesseduffield/lazygit/releases/assets/545957226"

[tools.lazygit."platforms.linux-arm64-musl"]
checksum = "sha256:d954a09c128bd37b2bd0d254308474e87de3729cfe0e37f5b46a49357a4fe257"
url = "https://github.com/jesseduffield/lazygit/releases/download/v0.65.0/lazygit_0.65.0_linux_arm64.tar.gz"
url_api = "https://api.github.com/repos/jesseduffield/lazygit/releases/assets/545957226"

[tools.lazygit."platforms.linux-x64"]
checksum = "sha256:44d8e7dd1484b4a66e191bd4ab25a71e8b4b3a65ab122f838e65677ef58c5506"
url = "https://github.com/jesseduffield/lazygit/releases/download/v0.65.0/lazygit_0.65.0_linux_x86_64.tar.gz"
url_api = "https://api.github.com/repos/jesseduffield/lazygit/releases/assets/545957203"

[tools.lazygit."platforms.linux-x64-musl"]
checksum = "sha256:44d8e7dd1484b4a66e191bd4ab25a71e8b4b3a65ab122f838e65677ef58c5506"
url = "https://github.com/jesseduffield/lazygit/releases/download/v0.65.0/lazygit_0.65.0_linux_x86_64.tar.gz"
url_api = "https://api.github.com/repos/jesseduffield/lazygit/releases/assets/545957203"

[tools.lazygit."platforms.macos-arm64"]
checksum = "sha256:d8ea1cade9e4279e45cbb58652e84edb07e98a9f8ec0604099c8b0a8f709e63a"
url = "https://github.com/jesseduffield/lazygit/releases/download/v0.65.0/lazygit_0.65.0_darwin_arm64.tar.gz"
url_api = "https://api.github.com/repos/jesseduffield/lazygit/releases/assets/545957198"

[tools.lazygit."platforms.macos-x64"]
checksum = "sha256:3848033450205f975aa6a587e76f01c9796bff3a3cc0e32060ac77b9423264e3"
url = "https://github.com/jesseduffield/lazygit/releases/download/v0.65.0/lazygit_0.65.0_darwin_x86_64.tar.gz"
url_api = "https://api.github.com/repos/jesseduffield/lazygit/releases/assets/545957191"

[tools.lazygit."platforms.windows-x64"]
checksum = "sha256:20a597e8f29d4ed295e28fb4b869b31a41d20dc69dc15829c4744263141be2ee"
url = "https://github.com/jesseduffield/lazygit/releases/download/v0.65.0/lazygit_0.65.0_windows_x86_64.zip"
url_api = "https://api.github.com/repos/jesseduffield/lazygit/releases/assets/545957221"

[[tools.pi]]
version = "0.85.1"
backend = "aqua:earendil-works/pi"
specifiers = ["latest"]

[tools.pi."platforms.linux-arm64"]
checksum = "sha256:042d20ae885ee4f3b102815f3280b962c377b2e9fb44de4037908cc530eae4d4"
url = "https://github.com/earendil-works/pi/releases/download/v0.85.1/pi-linux-arm64.tar.gz"
url_api = "https://api.github.com/repos/earendil-works/pi/releases/assets/545797549"

[tools.pi."platforms.linux-arm64-musl"]
checksum = "sha256:042d20ae885ee4f3b102815f3280b962c377b2e9fb44de4037908cc530eae4d4"
url = "https://github.com/earendil-works/pi/releases/download/v0.85.1/pi-linux-arm64.tar.gz"
url_api = "https://api.github.com/repos/earendil-works/pi/releases/assets/545797549"

[tools.pi."platforms.linux-x64"]
checksum = "sha256:494e498f47d74d21f40b3386f6a5e921a3d49531a169cab55bbdaca0ea1fe25a"
url = "https://github.com/earendil-works/pi/releases/download/v0.85.1/pi-linux-x64.tar.gz"
url_api = "https://api.github.com/repos/earendil-works/pi/releases/assets/545797547"

[tools.pi."platforms.linux-x64-musl"]
checksum = "sha256:494e498f47d74d21f40b3386f6a5e921a3d49531a169cab55bbdaca0ea1fe25a"
url = "https://github.com/earendil-works/pi/releases/download/v0.85.1/pi-linux-x64.tar.gz"
url_api = "https://api.github.com/repos/earendil-works/pi/releases/assets/545797547"

[tools.pi."platforms.macos-arm64"]
checksum = "sha256:d5f70e3c0cf7398eac239fd0261ee074d98b7ba7f6b43fe3617f052ed5b79d06"
url = "https://github.com/earendil-works/pi/releases/download/v0.85.1/pi-darwin-arm64.tar.gz"
url_api = "https://api.github.com/repos/earendil-works/pi/releases/assets/545797550"

[tools.pi."platforms.macos-x64"]
checksum = "sha256:adb918b845625f184d8bea408d55eacaf21aa87238793c0f5b4f3b9737bce62b"
url = "https://github.com/earendil-works/pi/releases/download/v0.85.1/pi-darwin-x64.tar.gz"
url_api = "https://api.github.com/repos/earendil-works/pi/releases/assets/545797548"

[tools.pi."platforms.windows-x64"]
checksum = "sha256:002fa95b90d521245b9985d8f168caebc237ad56e7e30b319807dee1b2e17e1c"
url = "https://github.com/earendil-works/pi/releases/download/v0.85.1/pi-windows-x64.zip"
url_api = "https://api.github.com/repos/earendil-works/pi/releases/assets/545797560"

[[tools.pnpm]]
version = "12.4.1"
backend = "aqua:pnpm/pnpm"
specifiers = ["latest"]

[tools.pnpm."platforms.linux-arm64"]
checksum = "sha256:14f7a3e67d658d4ca8002c2aa0567f27dc5fe056a9f29f98ba7d2bfd6c81591b"
url = "https://github.com/pnpm/pnpm/releases/download/v12.4.1/pnpm-linux-arm64.tar.gz"
url_api = "https://api.github.com/repos/pnpm/pnpm/releases/assets/555427209"
provenance = "github-attestations"

[tools.pnpm."platforms.linux-arm64-musl"]
checksum = "sha256:26eba6156b6b47d8c589e2ed76af9b3d3a001d9d87dd4769754a1d09f07505bb"
url = "https://github.com/pnpm/pnpm/releases/download/v12.4.1/pnpm-linux-arm64-musl.tar.gz"
url_api = "https://api.github.com/repos/pnpm/pnpm/releases/assets/555427211"
provenance = "github-attestations"

[tools.pnpm."platforms.linux-x64"]
checksum = "sha256:66e9886299085dade56e203ae0e3586f35787f8801a68d33ec07ac17b0de2001"
url = "https://github.com/pnpm/pnpm/releases/download/v12.4.1/pnpm-linux-x64.tar.gz"
url_api = "https://api.github.com/repos/pnpm/pnpm/releases/assets/555427214"
provenance = "github-attestations"

[tools.pnpm."platforms.linux-x64-musl"]
checksum = "sha256:b72cfc2140e2f3380e26555a474f8e091a4431374face630a50b00e4db992ddb"
url = "https://github.com/pnpm/pnpm/releases/download/v12.4.1/pnpm-linux-x64-musl.tar.gz"
url_api = "https://api.github.com/repos/pnpm/pnpm/releases/assets/555427217"
provenance = "github-attestations"

[tools.pnpm."platforms.macos-arm64"]
checksum = "sha256:432fd151c10477630cf5c9f41209c2a7b75ac6dce7b2533a459519daf8954c52"
url = "https://github.com/pnpm/pnpm/releases/download/v12.4.1/pnpm-darwin-arm64.tar.gz"
url_api = "https://api.github.com/repos/pnpm/pnpm/releases/assets/555427216"
provenance = "github-attestations"

[tools.pnpm."platforms.windows-x64"]
checksum = "sha256:356092adbd4f69670945ed24c7fca994ba4dd9fbaf23b028bb9708afd7bc676e"
url = "https://github.com/pnpm/pnpm/releases/download/v12.4.1/pnpm-win32-x64.zip"
url_api = "https://api.github.com/repos/pnpm/pnpm/releases/assets/555427213"
provenance = "github-attestations"

[[tools.rg]]
version = "15.2.0"
backend = "aqua:BurntSushi/ripgrep"
specifiers = ["latest"]

[tools.rg."platforms.linux-arm64"]
checksum = "sha256:a740b91c82eaf9914cfedd353572f2791cbe0162c84101ee0951058f4dcbc90d"
url = "https://github.com/BurntSushi/ripgrep/releases/download/15.2.0/ripgrep-15.2.0-aarch64-unknown-linux-gnu.tar.gz"
url_api = "https://api.github.com/repos/BurntSushi/ripgrep/releases/assets/478119579"

[tools.rg."platforms.linux-arm64-musl"]
checksum = "sha256:800b1e7206afe799dfb5a6901f23147cfaabe0e52210538100f61e86e1740915"
url = "https://github.com/BurntSushi/ripgrep/releases/download/15.2.0/ripgrep-15.2.0-aarch64-unknown-linux-musl.tar.gz"
url_api = "https://api.github.com/repos/BurntSushi/ripgrep/releases/assets/478120060"

[tools.rg."platforms.linux-x64"]
checksum = "sha256:33e15bcf1624b25cdd2a55813a47a2f95dbe126268203e76aa6a585d1e7b149c"
url = "https://github.com/BurntSushi/ripgrep/releases/download/15.2.0/ripgrep-15.2.0-x86_64-unknown-linux-musl.tar.gz"
url_api = "https://api.github.com/repos/BurntSushi/ripgrep/releases/assets/478120097"

[tools.rg."platforms.linux-x64-musl"]
checksum = "sha256:33e15bcf1624b25cdd2a55813a47a2f95dbe126268203e76aa6a585d1e7b149c"
url = "https://github.com/BurntSushi/ripgrep/releases/download/15.2.0/ripgrep-15.2.0-x86_64-unknown-linux-musl.tar.gz"
url_api = "https://api.github.com/repos/BurntSushi/ripgrep/releases/assets/478120097"

[tools.rg."platforms.macos-arm64"]
checksum = "sha256:3750b2e93f37e0c692657da574d7019a101c0084da05a790c83fd335bad973e4"
url = "https://github.com/BurntSushi/ripgrep/releases/download/15.2.0/ripgrep-15.2.0-aarch64-apple-darwin.tar.gz"
url_api = "https://api.github.com/repos/BurntSushi/ripgrep/releases/assets/478118851"

[tools.rg."platforms.macos-x64"]
checksum = "sha256:af7825fcc69a2afc7a7aea55fc9af90e26421d8f20fe59df32e233c0b8a231c1"
url = "https://github.com/BurntSushi/ripgrep/releases/download/15.2.0/ripgrep-15.2.0-x86_64-apple-darwin.tar.gz"
url_api = "https://api.github.com/repos/BurntSushi/ripgrep/releases/assets/478119585"

[tools.rg."platforms.windows-x64"]
checksum = "sha256:71b2fef860abe467217a538ff31de02f5258807c0129f771846f87bd029aafc5"
url = "https://github.com/BurntSushi/ripgrep/releases/download/15.2.0/ripgrep-15.2.0-x86_64-pc-windows-msvc.zip"
url_api = "https://api.github.com/repos/BurntSushi/ripgrep/releases/assets/478119643"

[[tools.usage]]
version = "6.8.0"
backend = "aqua:jdx/usage"
specifiers = ["latest"]

[tools.usage."platforms.linux-arm64"]
checksum = "sha256:5ac012d6a7a1aaa5049e22afb77c3ec76768c2203d323d6d26a7b494ddccc780"
url = "https://github.com/jdx/usage/releases/download/v6.8.0/usage-aarch64-unknown-linux-gnu.tar.gz"
url_api = "https://api.github.com/repos/jdx/usage/releases/assets/547479496"

[tools.usage."platforms.linux-arm64-musl"]
checksum = "sha256:a9b15be628824117d03d1ca2b7e1a42b5acfd5b8d1a6bfeffaa8256f2616a66e"
url = "https://github.com/jdx/usage/releases/download/v6.8.0/usage-aarch64-unknown-linux-musl.tar.gz"
url_api = "https://api.github.com/repos/jdx/usage/releases/assets/547479495"

[tools.usage."platforms.linux-x64"]
checksum = "sha256:468c27b16302250cf74f2bddb0d0539b958ae3a391d226acc73bdd714c2a18cb"
url = "https://github.com/jdx/usage/releases/download/v6.8.0/usage-x86_64-unknown-linux-gnu.tar.gz"
url_api = "https://api.github.com/repos/jdx/usage/releases/assets/547479229"

[tools.usage."platforms.linux-x64-musl"]
checksum = "sha256:62b44e6d10e636e4ff1e5f56366d84475d8282990a5882499cae658e95b99f32"
url = "https://github.com/jdx/usage/releases/download/v6.8.0/usage-x86_64-unknown-linux-musl.tar.gz"
url_api = "https://api.github.com/repos/jdx/usage/releases/assets/547479563"

[tools.usage."platforms.macos-arm64"]
checksum = "sha256:f6bfe2e5353e02769d3f6902d06db1cb201f84124df08465fd4826f9ce7ba632"
url = "https://github.com/jdx/usage/releases/download/v6.8.0/usage-universal-apple-darwin.tar.gz"
url_api = "https://api.github.com/repos/jdx/usage/releases/assets/547480261"

[tools.usage."platforms.macos-x64"]
checksum = "sha256:f6bfe2e5353e02769d3f6902d06db1cb201f84124df08465fd4826f9ce7ba632"
url = "https://github.com/jdx/usage/releases/download/v6.8.0/usage-universal-apple-darwin.tar.gz"
url_api = "https://api.github.com/repos/jdx/usage/releases/assets/547480261"

[tools.usage."platforms.windows-x64"]
checksum = "sha256:f97cf597bef4a2a643b38abcb02e2d47622e658fccf17fd5d1a97df9fac17b78"
url = "https://github.com/jdx/usage/releases/download/v6.8.0/usage-x86_64-pc-windows-msvc.zip"
url_api = "https://api.github.com/repos/jdx/usage/releases/assets/547482883"

[[tools.uv]]
version = "0.12.13"
backend = "aqua:astral-sh/uv"
specifiers = ["latest"]

[tools.uv."platforms.linux-arm64"]
checksum = "sha256:2eaa5d94f5db7b3a1a092156b9420459e42ab0217d917fe74a876309cef9b5e9"
url = "https://github.com/astral-sh/uv/releases/download/0.12.13/uv-aarch64-unknown-linux-gnu.tar.gz"
url_api = "https://api.github.com/repos/astral-sh/uv/releases/assets/555670186"
provenance = "github-attestations"

[tools.uv."platforms.linux-arm64-musl"]
checksum = "sha256:f44bc1037a17889fe562fffd2002d4ed108e499fbe68b4f022af244dc7b8244f"
url = "https://github.com/astral-sh/uv/releases/download/0.12.13/uv-aarch64-unknown-linux-musl.tar.gz"
url_api = "https://api.github.com/repos/astral-sh/uv/releases/assets/555670202"
provenance = "github-attestations"

[tools.uv."platforms.linux-x64"]
checksum = "sha256:745765a3b6e360ad76743599ae5c42e9278c7edf8bbff9fc76d05bf2623a04dd"
url = "https://github.com/astral-sh/uv/releases/download/0.12.13/uv-x86_64-unknown-linux-gnu.tar.gz"
url_api = "https://api.github.com/repos/astral-sh/uv/releases/assets/555670375"
provenance = "github-attestations"

[tools.uv."platforms.linux-x64-musl"]
checksum = "sha256:4e2bfd0c9007b1032a50e539e965fd0a6037d87ad93ae1580d220a92d4c94098"
url = "https://github.com/astral-sh/uv/releases/download/0.12.13/uv-x86_64-unknown-linux-musl.tar.gz"
url_api = "https://api.github.com/repos/astral-sh/uv/releases/assets/555670382"
provenance = "github-attestations"

[tools.uv."platforms.macos-arm64"]
checksum = "sha256:7e6ddb9316acc00f2296c82ff4d99977870ee34b2f0ddcae9444d714db9364ed"
url = "https://github.com/astral-sh/uv/releases/download/0.12.13/uv-aarch64-apple-darwin.tar.gz"
url_api = "https://api.github.com/repos/astral-sh/uv/releases/assets/555670160"
provenance = "github-attestations"

[tools.uv."platforms.macos-x64"]
checksum = "sha256:5e287ef61cb6a9b61b3a83fef124fd143e400468a7dac794230147a810e17119"
url = "https://github.com/astral-sh/uv/releases/download/0.12.13/uv-x86_64-apple-darwin.tar.gz"
url_api = "https://api.github.com/repos/astral-sh/uv/releases/assets/555670348"
provenance = "github-attestations"

[tools.uv."platforms.windows-x64"]
checksum = "sha256:a86c9dc7bad9b03f388583b7187c05fe9951c2e0d392217e8fd43d97787f6ec2"
url = "https://github.com/astral-sh/uv/releases/download/0.12.13/uv-x86_64-pc-windows-msvc.zip"
url_api = "https://api.github.com/repos/astral-sh/uv/releases/assets/555670362"
provenance = "github-attestations"
